// !$*UTF8*$!
{
	archiveVersion = 1;
	classes = {
	};
	objectVersion = 46;
	objects = {

/* Begin PBXBuildFile section */
		40CFCD541D3024B20073CD76 /* main.m in Sources */ = {isa = PBXBuildFile; fileRef = 40CFCD531D3024B20073CD76 /* main.m */; };
		40CFCD571D3024B20073CD76 /* AppDelegate.m in Sources */ = {isa = PBXBuildFile; fileRef = 40CFCD561D3024B20073CD76 /* AppDelegate.m */; };
		40CFCD5A1D3024B20073CD76 /* ViewController.m in Sources */ = {isa = PBXBuildFile; fileRef = 40CFCD591D3024B20073CD76 /* ViewController.m */; };
		40CFCD5D1D3024B20073CD76 /* Main.storyboard in Resources */ = {isa = PBXBuildFile; fileRef = 40CFCD5B1D3024B20073CD76 /* Main.storyboard */; };
		40CFCD5F1D3024B20073CD76 /* Assets.xcassets in Resources */ = {isa = PBXBuildFile; fileRef = 40CFCD5E1D3024B20073CD76 /* Assets.xcassets */; };
		40CFCD621D3024B20073CD76 /* LaunchScreen.storyboard in Resources */ = {isa = PBXBuildFile; fileRef = 40CFCD601D3024B20073CD76 /* LaunchScreen.storyboard */; };
		40CFCD6D1D3024B20073CD76 /* TipCalculatorTests.m in Sources */ = {isa = PBXBuildFile; fileRef = 40CFCD6C1D3024B20073CD76 /* TipCalculatorTests.m */; };
		40CFCD781D3024B20073CD76 /* TipCalculatorUITests.m in Sources */ = {isa = PBXBuildFile; fileRef = 40CFCD771D3024B20073CD76 /* TipCalculatorUITests.m */; };
/* End PBXBuildFile section */

/* Begin PBXContainerItemProxy section */
		40CFCD691D3024B20073CD76 /* PBXContainerItemProxy */ = {
			isa = PBXContainerItemProxy;
			containerPortal = 40CFCD471D3024B20073CD76 /* Project object */;
			proxyType = 1;
			remoteGlobalIDString = 40CFCD4E1D3024B20073CD76;
			remoteInfo = TipCalculator;
		};
		40CFCD741D3024B20073CD76 /* PBXContainerItemProxy */ = {
			isa = PBXContainerItemProxy;
			containerPortal = 40CFCD471D3024B20073CD76 /* Project object */;
			proxyType = 1;
			remoteGlobalIDString = 40CFCD4E1D3024B20073CD76;
			remoteInfo = TipCalculator;
		};
/* End PBXContainerItemProxy section */

/* Begin PBXFileReference section */
		40CFCD4F1D3024B20073CD76 /* TipCalculator.app */ = {isa = PBXFileReference; explicitFileType = wrapper.application; includeInIndex = 0; path = TipCalculator.app; sourceTree = BUILT_PRODUCTS_DIR; };
		40CFCD531D3024B20073CD76 /* main.m */ = {isa = PBXFileReference; lastKnownFileType = sourcecode.c.objc; path = main.m; sourceTree = "<group>"; };
		40CFCD551D3024B20073CD76 /* AppDelegate.h */ = {isa = PBXFileReference; lastKnownFileType = sourcecode.c.h; path = AppDelegate.h; sourceTree = "<group>"; };
		40CFCD561D3024B20073CD76 /* AppDelegate.m */ = {isa = PBXFileReference; lastKnownFileType = sourcecode.c.objc; path = AppDelegate.m; sourceTree = "<group>"; };
		40CFCD581D3024B20073CD76 /* ViewController.h */ = {isa = PBXFileReference; lastKnownFileType = sourcecode.c.h; path = ViewController.h; sourceTree = "<group>"; };
		40CFCD591D3024B20073CD76 /* ViewController.m */ = {isa = PBXFileReference; lastKnownFileType = sourcecode.c.objc; path = ViewController.m; sourceTree = "<group>"; };
		40CFCD5C1D3024B20073CD76 /* Base */ = {isa = PBXFileReference; lastKnownFileType = file.storyboard; name = Base; path = Base.lproj/Main.storyboard; sourceTree = "<group>"; };
		40CFCD5E1D3024B20073CD76 /* Assets.xcassets */ = {isa = PBXFileReference; lastKnownFileType = folder.assetcatalog; path = Assets.xcassets; sourceTree = "<group>"; };
		40CFCD611D3024B20073CD76 /* Base */ = {isa = PBXFileReference; lastKnownFileType = file.storyboard; name = Base; path = Base.lproj/LaunchScreen.storyboard; sourceTree = "<group>"; };
		40CFCD631D3024B20073CD76 /* Info.plist */ = {isa = PBXFileReference; lastKnownFileType = text.plist.xml; path = Info.plist; sourceTree = "<group>"; };
		40CFCD681D3024B20073CD76 /* TipCalculatorTests.xctest */ = {isa = PBXFileReference; explicitFileType = wrapper.cfbundle; includeInIndex = 0; path = TipCalculatorTests.xctest; sourceTree = BUILT_PRODUCTS_DIR; };
		40CFCD6C1D3024B20073CD76 /* TipCalculatorTests.m */ = {isa = PBXFileReference; lastKnownFileType = sourcecode.c.objc; path = TipCalculatorTests.m; sourceTree = "<group>"; };
		40CFCD6E1D3024B20073CD76 /* Info.plist */ = {isa = PBXFileReference; lastKnownFileType = text.plist.xml; path = Info.plist; sourceTree = "<group>"; };
		40CFCD731D3024B20073CD76 /* TipCalculatorUITests.xctest */ = {isa = PBXFileReference; explicitFileType = wrapper.cfbundle; includeInIndex = 0; path = TipCalculatorUITests.xctest; sourceTree = BUILT_PRODUCTS_DIR; };
		40CFCD771D3024B20073CD76 /* TipCalculatorUITests.m */ = {isa = PBXFileReference; lastKnownFileType = sourcecode.c.objc; path = TipCalculatorUITests.m; sourceTree = "<group>"; };
		40CFCD791D3024B20073CD76 /* Info.plist */ = {isa = PBXFileReference; lastKnownFileType = text.plist.xml; path = Info.plist; sourceTree = "<group>"; };
/* End PBXFileReference section */

/* Begin PBXFrameworksBuildPhase section */
		40CFCD4C1D3024B20073CD76 /* Frameworks */ = {
			isa = PBXFrameworksBuildPhase;
			buildActionMask = 2147483647;
			files = (
			);
			runOnlyForDeploymentPostprocessing = 0;
		};
		40CFCD651D3024B20073CD76 /* Frameworks */ = {
			isa = PBXFrameworksBuildPhase;
			buildActionMask = 2147483647;
			files = (
			);
			runOnlyForDeploymentPostprocessing = 0;
		};
		40CFCD701D3024B20073CD76 /* Frameworks */ = {
			isa = PBXFrameworksBuildPhase;
			buildActionMask = 2147483647;
			files = (
			);
			runOnlyForDeploymentPostprocessing = 0;
		};
/* End PBXFrameworksBuildPhase section */

/* Begin PBXGroup section */
		40CFCD461D3024B20073CD76 = {
			isa = PBXGroup;
			children = (
				40CFCD511D3024B20073CD76 /* TipCalculator */,
				40CFCD6B1D3024B20073CD76 /* TipCalculatorTests */,
				40CFCD761D3024B20073CD76 /* TipCalculatorUITests */,
				40CFCD501D3024B20073CD76 /* Products */,
			);
			sourceTree = "<group>";
		};
		40CFCD501D3024B20073CD76 /* Products */ = {
			isa = PBXGroup;
			children = (
				40CFCD4F1D3024B20073CD76 /* TipCalculator.app */,
				40CFCD681D3024B20073CD76 /* TipCalculatorTests.xctest */,
				40CFCD731D3024B20073CD76 /* TipCalculatorUITests.xctest */,
			);
			name = Products;
			sourceTree = "<group>";
		};
		40CFCD511D3024B20073CD76 /* TipCalculator */ = {
			isa = PBXGroup;
			children = (
				40CFCD551D3024B20073CD76 /* AppDelegate.h */,
				40CFCD561D3024B20073CD76 /* AppDelegate.m */,
				40CFCD581D3024B20073CD76 /* ViewController.h */,
				40CFCD591D3024B20073CD76 /* ViewController.m */,
				40CFCD5B1D3024B20073CD76 /* Main.storyboard */,
				40CFCD5E1D3024B20073CD76 /* Assets.xcassets */,
				40CFCD601D3024B20073CD76 /* LaunchScreen.storyboard */,
				40CFCD631D3024B20073CD76 /* Info.plist */,
				40CFCD521D3024B20073CD76 /* Supporting Files */,
			);
			path = TipCalculator;
			sourceTree = "<group>";
		};
		40CFCD521D3024B20073CD76 /* Supporting Files */ = {
			isa = PBXGroup;
			children = (
				40CFCD531D3024B20073CD76 /* main.m */,
			);
			name = "Supporting Files";
			sourceTree = "<group>";
		};
		40CFCD6B1D3024B20073CD76 /* TipCalculatorTests */ = {
			isa = PBXGroup;
			children = (
				40CFCD6C1D3024B20073CD76 /* TipCalculatorTests.m */,
				40CFCD6E1D3024B20073CD76 /* Info.plist */,
			);
			path = TipCalculatorTests;
			sourceTree = "<group>";
		};
		40CFCD761D3024B20073CD76 /* TipCalculatorUITests */ = {
			isa = PBXGroup;
			children = (
				40CFCD771D3024B20073CD76 /* TipCalculatorUITests.m */,
				40CFCD791D3024B20073CD76 /* Info.plist */,
			);
			path = TipCalculatorUITests;
			sourceTree = "<group>";
		};
/* End PBXGroup section */

/* Begin PBXNativeTarget section */
		40CFCD4E1D3024B20073CD76 /* TipCalculator */ = {
			isa = PBXNativeTarget;
			buildConfigurationList = 40CFCD7C1D3024B20073CD76 /* Build configuration list for PBXNativeTarget "TipCalculator" */;
			buildPhases = (
				40CFCD4B1D3024B20073CD76 /* Sources */,
				40CFCD4C1D3024B20073CD76 /* Frameworks */,
				40CFCD4D1D3024B20073CD76 /* Resources */,
			);
			buildRules = (
			);
			dependencies = (
			);
			name = TipCalculator;
			productName = TipCalculator;
			productReference = 40CFCD4F1D3024B20073CD76 /* TipCalculator.app */;
			productType = "com.apple.product-type.application";
		};
		40CFCD671D3024B20073CD76 /* TipCalculatorTests */ = {
			isa = PBXNativeTarget;
			buildConfigurationList = 40CFCD7F1D3024B20073CD76 /* Build configuration list for PBXNativeTarget "TipCalculatorTests" */;
			buildPhases = (
				40CFCD641D3024B20073CD76 /* Sources */,
				40CFCD651D3024B20073CD76 /* Frameworks */,
				40CFCD661D3024B20073CD76 /* Resources */,
			);
			buildRules = (
			);
			dependencies = (
				40CFCD6A1D3024B20073CD76 /* PBXTargetDependency */,
			);
			name = TipCalculatorTests;
			productName = TipCalculatorTests;
			productReference = 40CFCD681D3024B20073CD76 /* TipCalculatorTests.xctest */;
			productType = "com.apple.product-type.bundle.unit-test";
		};
		40CFCD721D3024B20073CD76 /* TipCalculatorUITests */ = {
			isa = PBXNativeTarget;
			buildConfigurationList = 40CFCD821D3024B20073CD76 /* Build configuration list for PBXNativeTarget "TipCalculatorUITests" */;
			buildPhases = (
				40CFCD6F1D3024B20073CD76 /* Sources */,
				40CFCD701D3024B20073CD76 /* Frameworks */,
				40CFCD711D3024B20073CD76 /* Resources */,
			);
			buildRules = (
			);
			dependencies = (
				40CFCD751D3024B20073CD76 /* PBXTargetDependency */,
			);
			name = TipCalculatorUITests;
			productName = TipCalculatorUITests;
			productReference = 40CFCD731D3024B20073CD76 /* TipCalculatorUITests.xctest */;
			productType = "com.apple.product-type.bundle.ui-testing";
		};
/* End PBXNativeTarget section */

/* Begin PBXProject section */
		40CFCD471D3024B20073CD76 /* Project object */ = {
			isa = PBXProject;
			attributes = {
				LastUpgradeCheck = 0730;
				ORGANIZATIONNAME = "Jeff Eom";
				TargetAttributes = {
					40CFCD4E1D3024B20073CD76 = {
						CreatedOnToolsVersion = 7.3.1;
					};
					40CFCD671D3024B20073CD76 = {
						CreatedOnToolsVersion = 7.3.1;
						TestTargetID = 40CFCD4E1D3024B20073CD76;
					};
					40CFCD721D3024B20073CD76 = {
						CreatedOnToolsVersion = 7.3.1;
						TestTargetID = 40CFCD4E1D3024B20073CD76;
					};
				};
			};
			buildConfigurationList = 40CFCD4A1D3024B20073CD76 /* Build configuration list for PBXProject "TipCalculator" */;
			compatibilityVersion = "Xcode 3.2";
			developmentRegion = English;
			hasScannedForEncodings = 0;
			knownRegions = (
				en,
				Base,
			);
			mainGroup = 40CFCD461D3024B20073CD76;
			productRefGroup = 40CFCD501D3024B20073CD76 /* Products */;
			projectDirPath = "";
			projectRoot = "";
			targets = (
				40CFCD4E1D3024B20073CD76 /* TipCalculator */,
				40CFCD671D3024B20073CD76 /* TipCalculatorTests */,
				40CFCD721D3024B20073CD76 /* TipCalculatorUITests */,
			);
		};
/* End PBXProject section */

/* Begin PBXResourcesBuildPhase section */
		40CFCD4D1D3024B20073CD76 /* Resources */ = {
			isa = PBXResourcesBuildPhase;
			buildActionMask = 2147483647;
			files = (
				40CFCD621D3024B20073CD76 /* LaunchScreen.storyboard in Resources */,
				40CFCD5F1D3024B20073CD76 /* Assets.xcassets in Resources */,
				40CFCD5D1D3024B20073CD76 /* Main.storyboard in Resources */,
			);
			runOnlyForDeploymentPostprocessing = 0;
		};
		40CFCD661D3024B20073CD76 /* Resources */ = {
			isa = PBXResourcesBuildPhase;
			buildActionMask = 2147483647;
			files = (
			);
			runOnlyForDeploymentPostprocessing = 0;
		};
		40CFCD711D3024B20073CD76 /* Resources */ = {
			isa = PBXResourcesBuildPhase;
			buildActionMask = 2147483647;
			files = (
			);
			runOnlyForDeploymentPostprocessing = 0;
		};
/* End PBXResourcesBuildPhase section */

/* Begin PBXSourcesBuildPhase section */
		40CFCD4B1D3024B20073CD76 /* Sources */ = {
			isa = PBXSourcesBuildPhase;
			buildActionMask = 2147483647;
			files = (
				40CFCD5A1D3024B20073CD76 /* ViewController.m in Sources */,
				40CFCD571D3024B20073CD76 /* AppDelegate.m in Sources */,
				40CFCD541D3024B20073CD76 /* main.m in Sources */,
			);
			runOnlyForDeploymentPostprocessing = 0;
		};
		40CFCD641D3024B20073CD76 /* Sources */ = {
			isa = PBXSourcesBuildPhase;
			buildActionMask = 2147483647;
			files = (
				40CFCD6D1D3024B20073CD76 /* TipCalculatorTests.m in Sources */,
			);
			runOnlyForDeploymentPostprocessing = 0;
		};
		40CFCD6F1D3024B20073CD76 /* Sources */ = {
			isa = PBXSourcesBuildPhase;
			buildActionMask = 2147483647;
			files = (
				40CFCD781D3024B20073CD76 /* TipCalculatorUITests.m in Sources */,
			);
			runOnlyForDeploymentPostprocessing = 0;
		};
/* End PBXSourcesBuildPhase section */

/* Begin PBXTargetDependency section */
		40CFCD6A1D3024B20073CD76 /* PBXTargetDependency */ = {
			isa = PBXTargetDependency;
			target = 40CFCD4E1D3024B20073CD76 /* TipCalculator */;
			targetProxy = 40CFCD691D3024B20073CD76 /* PBXContainerItemProxy */;
		};
		40CFCD751D3024B20073CD76 /* PBXTargetDependency */ = {
			isa = PBXTargetDependency;
			target = 40CFCD4E1D3024B20073CD76 /* TipCalculator */;
			targetProxy = 40CFCD741D3024B20073CD76 /* PBXContainerItemProxy */;
		};
/* End PBXTargetDependency section */

/* Begin PBXVariantGroup section */
		40CFCD5B1D3024B20073CD76 /* Main.storyboard */ = {
			isa = PBXVariantGroup;
			children = (
				40CFCD5C1D3024B20073CD76 /* Base */,
			);
			name = Main.storyboard;
			sourceTree = "<group>";
		};
		40CFCD601D3024B20073CD76 /* LaunchScreen.storyboard */ = {
			isa = PBXVariantGroup;
			children = (
				40CFCD611D3024B20073CD76 /* Base */,
			);
			name = LaunchScreen.storyboard;
			sourceTree = "<group>";
		};
/* End PBXVariantGroup section */

/* Begin XCBuildConfiguration section */
		40CFCD7A1D3024B20073CD76 /* Debug */ = {
			isa = XCBuildConfiguration;
			buildSettings = {
				ALWAYS_SEARCH_USER_PATHS = NO;
				CLANG_ANALYZER_NONNULL = YES;
				CLANG_CXX_LANGUAGE_STANDARD = "gnu++0x";
				CLANG_CXX_LIBRARY = "libc++";
				CLANG_ENABLE_MODULES = YES;
				CLANG_ENABLE_OBJC_ARC = YES;
				CLANG_WARN_BOOL_CONVERSION = YES;
				CLANG_WARN_CONSTANT_CONVERSION = YES;
				CLANG_WARN_DIRECT_OBJC_ISA_USAGE = YES_ERROR;
				CLANG_WARN_EMPTY_BODY = YES;
				CLANG_WARN_ENUM_CONVERSION = YES;
				CLANG_WARN_INT_CONVERSION = YES;
				CLANG_WARN_OBJC_ROOT_CLASS = YES_ERROR;
				CLANG_WARN_UNREACHABLE_CODE = YES;
				CLANG_WARN__DUPLICATE_METHOD_MATCH = YES;
				"CODE_SIGN_IDENTITY[sdk=iphoneos*]" = "iPhone Developer";
				COPY_PHASE_STRIP = NO;
				DEBUG_INFORMATION_FORMAT = dwarf;
				ENABLE_STRICT_OBJC_MSGSEND = YES;
				ENABLE_TESTABILITY = YES;
				GCC_C_LANGUAGE_STANDARD = gnu99;
				GCC_DYNAMIC_NO_PIC = NO;
				GCC_NO_COMMON_BLOCKS = YES;
				GCC_OPTIMIZATION_LEVEL = 0;
				GCC_PREPROCESSOR_DEFINITIONS = (
					"DEBUG=1",
					"$(inherited)",
				);
				GCC_WARN_64_TO_32_BIT_CONVERSION = YES;
				GCC_WARN_ABOUT_RETURN_TYPE = YES_ERROR;
				GCC_WARN_UNDECLARED_SELECTOR = YES;
				GCC_WARN_UNINITIALIZED_AUTOS = YES_AGGRESSIVE;
				GCC_WARN_UNUSED_FUNCTION = YES;
				GCC_WARN_UNUSED_VARIABLE = YES;
				IPHONEOS_DEPLOYMENT_TARGET = 9.3;
				MTL_ENABLE_DEBUG_INFO = YES;
				ONLY_ACTIVE_ARCH = YES;
				SDKROOT = iphoneos;
			};
			name = Debug;
		};
		40CFCD7B1D3024B20073CD76 /* Release */ = {
			isa = XCBuildConfiguration;
			buildSettings = {
				ALWAYS_SEARCH_USER_PATHS = NO;
				CLANG_ANALYZER_NONNULL = YES;
				CLANG_CXX_LANGUAGE_STANDARD = "gnu++0x";
				CLANG_CXX_LIBRARY = "libc++";
				CLANG_ENABLE_MODULES = YES;
				CLANG_ENABLE_OBJC_ARC = YES;
				CLANG_WARN_BOOL_CONVERSION = YES;
				CLANG_WARN_CONSTANT_CONVERSION = YES;
				CLANG_WARN_DIRECT_OBJC_ISA_USAGE = YES_ERROR;
				CLANG_WARN_EMPTY_BODY = YES;
				CLANG_WARN_ENUM_CONVERSION = YES;
				CLANG_WARN_INT_CONVERSION = YES;
				CLANG_WARN_OBJC_ROOT_CLASS = YES_ERROR;
				CLANG_WARN_UNREACHABLE_CODE = YES;
				CLANG_WARN__DUPLICATE_METHOD_MATCH = YES;
				"CODE_SIGN_IDENTITY[sdk=iphoneos*]" = "iPhone Developer";
				COPY_PHASE_STRIP = NO;
				DEBUG_INFORMATION_FORMAT = "dwarf-with-dsym";
				ENABLE_NS_ASSERTIONS = NO;
				ENABLE_STRICT_OBJC_MSGSEND = YES;
				GCC_C_LANGUAGE_STANDARD = gnu99;
				GCC_NO_COMMON_BLOCKS = YES;
				GCC_WARN_64_TO_32_BIT_CONVERSION = YES;
				GCC_WARN_ABOUT_RETURN_TYPE = YES_ERROR;
				GCC_WARN_UNDECLARED_SELECTOR = YES;
				GCC_WARN_UNINITIALIZED_AUTOS = YES_AGGRESSIVE;
				GCC_WARN_UNUSED_FUNCTION = YES;
				GCC_WARN_UNUSED_VARIABLE = YES;
				IPHONEOS_DEPLOYMENT_TARGET = 9.3;
				MTL_ENABLE_DEBUG_INFO = NO;
				SDKROOT = iphoneos;
				VALIDATE_PRODUCT = YES;
			};
			name = Release;
		};
		40CFCD7D1D3024B20073CD76 /* Debug */ = {
			isa = XCBuildConfiguration;
			buildSettings = {
				ASSETCATALOG_COMPILER_APPICON_NAME = AppIcon;
				INFOPLIST_FILE = TipCalculator/Info.plist;
				LD_RUNPATH_SEARCH_PATHS = "$(inherited) @executable_path/Frameworks";
				PRODUCT_BUNDLE_IDENTIFIER = jeffeom.TipCalculator;
				PRODUCT_NAME = "$(TARGET_NAME)";
			};
			name = Debug;
		};
		40CFCD7E1D3024B20073CD76 /* Release */ = {
			isa = XCBuildConfiguration;
			buildSettings = {
				ASSETCATALOG_COMPILER_APPICON_NAME = AppIcon;
				INFOPLIST_FILE = TipCalculator/Info.plist;
				LD_RUNPATH_SEARCH_PATHS = "$(inherited) @executable_path/Frameworks";
				PRODUCT_BUNDLE_IDENTIFIER = jeffeom.TipCalculator;
				PRODUCT_NAME = "$(TARGET_NAME)";
			};
			name = Release;
		};
		40CFCD801D3024B20073CD76 /* Debug */ = {
			isa = XCBuildConfiguration;
			buildSettings = {
				BUNDLE_LOADER = "$(TEST_HOST)";
				INFOPLIST_FILE = TipCalculatorTests/Info.plist;
				LD_RUNPATH_SEARCH_PATHS = "$(inherited) @executable_path/Frameworks @loader_path/Frameworks";
				PRODUCT_BUNDLE_IDENTIFIER = jeffeom.TipCalculatorTests;
				PRODUCT_NAME = "$(TARGET_NAME)";
				TEST_HOST = "$(BUILT_PRODUCTS_DIR)/TipCalculator.app/TipCalculator";
			};
			name = Debug;
		};
		40CFCD811D3024B20073CD76 /* Release */ = {
			isa = XCBuildConfiguration;
			buildSettings = {
				BUNDLE_LOADER = "$(TEST_HOST)";
				INFOPLIST_FILE = TipCalculatorTests/Info.plist;
				LD_RUNPATH_SEARCH_PATHS = "$(inherited) @executable_path/Frameworks @loader_path/Frameworks";
				PRODUCT_BUNDLE_IDENTIFIER = jeffeom.TipCalculatorTests;
				PRODUCT_NAME = "$(TARGET_NAME)";
				TEST_HOST = "$(BUILT_PRODUCTS_DIR)/TipCalculator.app/TipCalculator";
			};
			name = Release;
		};
		40CFCD831D3024B20073CD76 /* Debug */ = {
			isa = XCBuildConfiguration;
			buildSettings = {
				INFOPLIST_FILE = TipCalculatorUITests/Info.plist;
				LD_RUNPATH_SEARCH_PATHS = "$(inherited) @executable_path/Frameworks @loader_path/Frameworks";
				PRODUCT_BUNDLE_IDENTIFIER = jeffeom.TipCalculatorUITests;
				PRODUCT_NAME = "$(TARGET_NAME)";
				TEST_TARGET_NAME = TipCalculator;
			};
			name = Debug;
		};
		40CFCD841D3024B20073CD76 /* Release */ = {
			isa = XCBuildConfiguration;
			buildSettings = {
				INFOPLIST_FILE = TipCalculatorUITests/Info.plist;
				LD_RUNPATH_SEARCH_PATHS = "$(inherited) @executable_path/Frameworks @loader_path/Frameworks";
				PRODUCT_BUNDLE_IDENTIFIER = jeffeom.TipCalculatorUITests;
				PRODUCT_NAME = "$(TARGET_NAME)";
				TEST_TARGET_NAME = TipCalculator;
			};
			name = Release;
		};
/* End XCBuildConfiguration section */

/* Begin XCConfigurationList section */
		40CFCD4A1D3024B20073CD76 /* Build configuration list for PBXProject "TipCalculator" */ = {
			isa = XCConfigurationList;
			buildConfigurations = (
				40CFCD7A1D3024B20073CD76 /* Debug */,
				40CFCD7B1D3024B20073CD76 /* Release */,
			);
			defaultConfigurationIsVisible = 0;
			defaultConfigurationName = Release;
		};
		40CFCD7C1D3024B20073CD76 /* Build configuration list for PBXNativeTarget "TipCalculator" */ = {
			isa = XCConfigurationList;
			buildConfigurations = (
				40CFCD7D1D3024B20073CD76 /* Debug */,
				40CFCD7E1D3024B20073CD76 /* Release */,
			);
			defaultConfigurationIsVisible = 0;
		};
		40CFCD7F1D3024B20073CD76 /* Build configuration list for PBXNativeTarget "TipCalculatorTests" */ = {
			isa = XCConfigurationList;
			buildConfigurations = (
				40CFCD801D3024B20073CD76 /* Debug */,
				40CFCD811D3024B20073CD76 /* Release */,
			);
			defaultConfigurationIsVisible = 0;
		};
		40CFCD821D3024B20073CD76 /* Build configuration list for PBXNativeTarget "TipCalculatorUITests" */ = {
			isa = XCConfigurationList;
			buildConfigurations = (
				40CFCD831D3024B20073CD76 /* Debug */,
				40CFCD841D3024B20073CD76 /* Release */,
			);
			defaultConfigurationIsVisible = 0;
		};
/* End XCConfigurationList section */
	};
	rootObject = 40CFCD471D3024B20073CD76 /* Project object */;
}
